
Microsoft Visual Studio Solution File, Format Version 12.00
# Visual Studio Version 16
VisualStudioVersion = 16.0.30413.136
MinimumVisualStudioVersion = 10.0.40219.1
Project("{FAE04EC0-301F-11D3-BF4B-00C04F79EFBC}") = "OOP Příklad 2", "OOP Příklad 2\OOP Příklad 2.csproj", "{4291E077-87F9-47E0-A497-C052DFEFA6AF}"
EndProject
Global
	GlobalSection(SolutionConfigurationPlatforms) = preSolution
		Debug|Any CPU = Debug|Any CPU
		Release|Any CPU = Release|Any CPU
	EndGlobalSection
	GlobalSection(ProjectConfigurationPlatforms) = postSolution
		{4291E077-87F9-47E0-A497-C052DFEFA6AF}.Debug|Any CPU.ActiveCfg = Debug|Any CPU
		{4291E077-87F9-47E0-A497-C052DFEFA6AF}.Debug|Any CPU.Build.0 = Debug|Any CPU
		{4291E077-87F9-47E0-A497-C052DFEFA6AF}.Release|Any CPU.ActiveCfg = Release|Any CPU
		{4291E077-87F9-47E0-A497-C052DFEFA6AF}.Release|Any CPU.Build.0 = Release|Any CPU
	EndGlobalSection
	GlobalSection(SolutionProperties) = preSolution
		HideSolutionNode = FALSE
	EndGlobalSection
	GlobalSection(ExtensibilityGlobals) = postSolution
		SolutionGuid = {3197C591-8F43-4998-8069-7A5BAB12B625}
	EndGlobalSection
EndGlobal
